// !$*UTF8*$!
{
	archiveVersion = 1;
	classes = {
	};
	objectVersion = 55;
	objects = {

/* Begin PBXBuildFile section */
		1A09DFC7275697DD00FDCBB8 /* NothingFoundCell.xib in Resources */ = {isa = PBXBuildFile; fileRef = 1A09DFC6275697DD00FDCBB8 /* NothingFoundCell.xib */; };
		1A23B5222745348C000C6592 /* AppDelegate.swift in Sources */ = {isa = PBXBuildFile; fileRef = 1A23B5212745348C000C6592 /* AppDelegate.swift */; };
		1A23B5242745348C000C6592 /* SceneDelegate.swift in Sources */ = {isa = PBXBuildFile; fileRef = 1A23B5232745348C000C6592 /* SceneDelegate.swift */; };
		1A23B5262745348C000C6592 /* NutritionViewController.swift in Sources */ = {isa = PBXBuildFile; fileRef = 1A23B5252745348C000C6592 /* NutritionViewController.swift */; };
		1A23B5292745348D000C6592 /* Main.storyboard in Resources */ = {isa = PBXBuildFile; fileRef = 1A23B5272745348D000C6592 /* Main.storyboard */; };
		1A23B52C2745348D000C6592 /* Who_Needs_A_Nutritionist_.xcdatamodeld in Sources */ = {isa = PBXBuildFile; fileRef = 1A23B52A2745348D000C6592 /* Who_Needs_A_Nutritionist_.xcdatamodeld */; };
		1A23B52E27453494000C6592 /* Assets.xcassets in Resources */ = {isa = PBXBuildFile; fileRef = 1A23B52D27453494000C6592 /* Assets.xcassets */; };
		1A23B53127453494000C6592 /* LaunchScreen.storyboard in Resources */ = {isa = PBXBuildFile; fileRef = 1A23B52F27453494000C6592 /* LaunchScreen.storyboard */; };
		1A23B53B27454B90000C6592 /* AddFoodViewController.swift in Sources */ = {isa = PBXBuildFile; fileRef = 1A23B53A27454B8F000C6592 /* AddFoodViewController.swift */; };
		1A2A8BCB275F98ED00B22A7C /* ListMeals+CoreDataClass.swift in Sources */ = {isa = PBXBuildFile; fileRef = 1A2A8BC7275F98ED00B22A7C /* ListMeals+CoreDataClass.swift */; };
		1A2A8BCC275F98ED00B22A7C /* ListMeals+CoreDataProperties.swift in Sources */ = {isa = PBXBuildFile; fileRef = 1A2A8BC8275F98ED00B22A7C /* ListMeals+CoreDataProperties.swift */; };
		1A2A8BCD275F98ED00B22A7C /* DateEntity+CoreDataClass.swift in Sources */ = {isa = PBXBuildFile; fileRef = 1A2A8BC9275F98ED00B22A7C /* DateEntity+CoreDataClass.swift */; };
		1A2A8BCE275F98ED00B22A7C /* DateEntity+CoreDataProperties.swift in Sources */ = {isa = PBXBuildFile; fileRef = 1A2A8BCA275F98ED00B22A7C /* DateEntity+CoreDataProperties.swift */; };
		1A4A12C1274C3B740011CA80 /* MealCell.xib in Resources */ = {isa = PBXBuildFile; fileRef = 1A4A12C0274C3B740011CA80 /* MealCell.xib */; };
		1A4A12C5274C3F8F0011CA80 /* MealCell.swift in Sources */ = {isa = PBXBuildFile; fileRef = 1A4A12C4274C3F8F0011CA80 /* MealCell.swift */; };
		1A4A12C7274C42600011CA80 /* GetFoodNutrition.swift in Sources */ = {isa = PBXBuildFile; fileRef = 1A4A12C6274C42600011CA80 /* GetFoodNutrition.swift */; };
		1A4A12C9274C44580011CA80 /* FoodInfoViewController.swift in Sources */ = {isa = PBXBuildFile; fileRef = 1A4A12C8274C44580011CA80 /* FoodInfoViewController.swift */; };
		1A4A12CB274C46A30011CA80 /* NutritionCell.xib in Resources */ = {isa = PBXBuildFile; fileRef = 1A4A12CA274C46A30011CA80 /* NutritionCell.xib */; };
		1A4A12CF274C48820011CA80 /* NutritionCell.swift in Sources */ = {isa = PBXBuildFile; fileRef = 1A4A12CE274C48820011CA80 /* NutritionCell.swift */; };
/* End PBXBuildFile section */

/* Begin PBXFileReference section */
		1A09DFC6275697DD00FDCBB8 /* NothingFoundCell.xib */ = {isa = PBXFileReference; lastKnownFileType = file.xib; path = NothingFoundCell.xib; sourceTree = "<group>"; };
		1A23B51E2745348C000C6592 /* Who Needs A Nutritionist?.app */ = {isa = PBXFileReference; explicitFileType = wrapper.application; includeInIndex = 0; path = "Who Needs A Nutritionist?.app"; sourceTree = BUILT_PRODUCTS_DIR; };
		1A23B5212745348C000C6592 /* AppDelegate.swift */ = {isa = PBXFileReference; lastKnownFileType = sourcecode.swift; path = AppDelegate.swift; sourceTree = "<group>"; };
		1A23B5232745348C000C6592 /* SceneDelegate.swift */ = {isa = PBXFileReference; lastKnownFileType = sourcecode.swift; path = SceneDelegate.swift; sourceTree = "<group>"; };
		1A23B5252745348C000C6592 /* NutritionViewController.swift */ = {isa = PBXFileReference; lastKnownFileType = sourcecode.swift; path = NutritionViewController.swift; sourceTree = "<group>"; };
		1A23B5282745348D000C6592 /* Base */ = {isa = PBXFileReference; lastKnownFileType = file.storyboard; name = Base; path = Base.lproj/Main.storyboard; sourceTree = "<group>"; };
		1A23B52B2745348D000C6592 /* Who_Needs_A_Nutritionist_.xcdatamodel */ = {isa = PBXFileReference; lastKnownFileType = wrapper.xcdatamodel; path = Who_Needs_A_Nutritionist_.xcdatamodel; sourceTree = "<group>"; };
		1A23B52D27453494000C6592 /* Assets.xcassets */ = {isa = PBXFileReference; lastKnownFileType = folder.assetcatalog; path = Assets.xcassets; sourceTree = "<group>"; };
		1A23B53027453494000C6592 /* Base */ = {isa = PBXFileReference; lastKnownFileType = file.storyboard; name = Base; path = Base.lproj/LaunchScreen.storyboard; sourceTree = "<group>"; };
		1A23B53227453494000C6592 /* Info.plist */ = {isa = PBXFileReference; lastKnownFileType = text.plist.xml; path = Info.plist; sourceTree = "<group>"; };
		1A23B53A27454B8F000C6592 /* AddFoodViewController.swift */ = {isa = PBXFileReference; lastKnownFileType = sourcecode.swift; path = AddFoodViewController.swift; sourceTree = "<group>"; };
		1A2A8BC7275F98ED00B22A7C /* ListMeals+CoreDataClass.swift */ = {isa = PBXFileReference; lastKnownFileType = sourcecode.swift; path = "ListMeals+CoreDataClass.swift"; sourceTree = "<group>"; };
		1A2A8BC8275F98ED00B22A7C /* ListMeals+CoreDataProperties.swift */ = {isa = PBXFileReference; lastKnownFileType = sourcecode.swift; path = "ListMeals+CoreDataProperties.swift"; sourceTree = "<group>"; };
		1A2A8BC9275F98ED00B22A7C /* DateEntity+CoreDataClass.swift */ = {isa = PBXFileReference; lastKnownFileType = sourcecode.swift; path = "DateEntity+CoreDataClass.swift"; sourceTree = "<group>"; };
		1A2A8BCA275F98ED00B22A7C /* DateEntity+CoreDataProperties.swift */ = {isa = PBXFileReference; lastKnownFileType = sourcecode.swift; path = "DateEntity+CoreDataProperties.swift"; sourceTree = "<group>"; };
		1A4A12C0274C3B740011CA80 /* MealCell.xib */ = {isa = PBXFileReference; lastKnownFileType = file.xib; path = MealCell.xib; sourceTree = "<group>"; };
		1A4A12C4274C3F8F0011CA80 /* MealCell.swift */ = {isa = PBXFileReference; lastKnownFileType = sourcecode.swift; path = MealCell.swift; sourceTree = "<group>"; };
		1A4A12C6274C42600011CA80 /* GetFoodNutrition.swift */ = {isa = PBXFileReference; lastKnownFileType = sourcecode.swift; path = GetFoodNutrition.swift; sourceTree = "<group>"; };
		1A4A12C8274C44580011CA80 /* FoodInfoViewController.swift */ = {isa = PBXFileReference; lastKnownFileType = sourcecode.swift; path = FoodInfoViewController.swift; sourceTree = "<group>"; };
		1A4A12CA274C46A30011CA80 /* NutritionCell.xib */ = {isa = PBXFileReference; lastKnownFileType = file.xib; path = NutritionCell.xib; sourceTree = "<group>"; };
		1A4A12CE274C48820011CA80 /* NutritionCell.swift */ = {isa = PBXFileReference; lastKnownFileType = sourcecode.swift; path = NutritionCell.swift; sourceTree = "<group>"; };
/* End PBXFileReference section */

/* Begin PBXFrameworksBuildPhase section */
		1A23B51B2745348C000C6592 /* Frameworks */ = {
			isa = PBXFrameworksBuildPhase;
			buildActionMask = 2147483647;
			files = (
			);
			runOnlyForDeploymentPostprocessing = 0;
		};
/* End PBXFrameworksBuildPhase section */

/* Begin PBXGroup section */
		1A23B5152745348C000C6592 = {
			isa = PBXGroup;
			children = (
				1A2A8BC7275F98ED00B22A7C /* ListMeals+CoreDataClass.swift */,
				1A2A8BC8275F98ED00B22A7C /* ListMeals+CoreDataProperties.swift */,
				1A2A8BC9275F98ED00B22A7C /* DateEntity+CoreDataClass.swift */,
				1A2A8BCA275F98ED00B22A7C /* DateEntity+CoreDataProperties.swift */,
				1A23B5202745348C000C6592 /* Who Needs A Nutritionist? */,
				1A23B51F2745348C000C6592 /* Products */,
			);
			sourceTree = "<group>";
		};
		1A23B51F2745348C000C6592 /* Products */ = {
			isa = PBXGroup;
			children = (
				1A23B51E2745348C000C6592 /* Who Needs A Nutritionist?.app */,
			);
			name = Products;
			sourceTree = "<group>";
		};
		1A23B5202745348C000C6592 /* Who Needs A Nutritionist? */ = {
			isa = PBXGroup;
			children = (
				1A23B5212745348C000C6592 /* AppDelegate.swift */,
				1A23B5232745348C000C6592 /* SceneDelegate.swift */,
				1A23B5272745348D000C6592 /* Main.storyboard */,
				1A23B52D27453494000C6592 /* Assets.xcassets */,
				1A23B52F27453494000C6592 /* LaunchScreen.storyboard */,
				1A23B53227453494000C6592 /* Info.plist */,
				1A23B52A2745348D000C6592 /* Who_Needs_A_Nutritionist_.xcdatamodeld */,
				1A4A12C8274C44580011CA80 /* FoodInfoViewController.swift */,
				1A4A12C6274C42600011CA80 /* GetFoodNutrition.swift */,
				1A23B53A27454B8F000C6592 /* AddFoodViewController.swift */,
				1A23B5252745348C000C6592 /* NutritionViewController.swift */,
				1A4A12C4274C3F8F0011CA80 /* MealCell.swift */,
				1A4A12C0274C3B740011CA80 /* MealCell.xib */,
				1A4A12CE274C48820011CA80 /* NutritionCell.swift */,
				1A4A12CA274C46A30011CA80 /* NutritionCell.xib */,
				1A09DFC6275697DD00FDCBB8 /* NothingFoundCell.xib */,
			);
			path = "Who Needs A Nutritionist?";
			sourceTree = "<group>";
		};
/* End PBXGroup section */

/* Begin PBXNativeTarget section */
		1A23B51D2745348C000C6592 /* Who Needs A Nutritionist? */ = {
			isa = PBXNativeTarget;
			buildConfigurationList = 1A23B53527453494000C6592 /* Build configuration list for PBXNativeTarget "Who Needs A Nutritionist?" */;
			buildPhases = (
				1A23B51A2745348C000C6592 /* Sources */,
				1A23B51B2745348C000C6592 /* Frameworks */,
				1A23B51C2745348C000C6592 /* Resources */,
			);
			buildRules = (
			);
			dependencies = (
			);
			name = "Who Needs A Nutritionist?";
			productName = "Who Needs A Nutritionist?";
			productReference = 1A23B51E2745348C000C6592 /* Who Needs A Nutritionist?.app */;
			productType = "com.apple.product-type.application";
		};
/* End PBXNativeTarget section */

/* Begin PBXProject section */
		1A23B5162745348C000C6592 /* Project object */ = {
			isa = PBXProject;
			attributes = {
				BuildIndependentTargetsInParallel = 1;
				LastSwiftUpdateCheck = 1310;
				LastUpgradeCheck = 1310;
				TargetAttributes = {
					1A23B51D2745348C000C6592 = {
						CreatedOnToolsVersion = 13.1;
					};
				};
			};
			buildConfigurationList = 1A23B5192745348C000C6592 /* Build configuration list for PBXProject "Who Needs A Nutritionist?" */;
			compatibilityVersion = "Xcode 13.0";
			developmentRegion = en;
			hasScannedForEncodings = 0;
			knownRegions = (
				en,
				Base,
			);
			mainGroup = 1A23B5152745348C000C6592;
			productRefGroup = 1A23B51F2745348C000C6592 /* Products */;
			projectDirPath = "";
			projectRoot = "";
			targets = (
				1A23B51D2745348C000C6592 /* Who Needs A Nutritionist? */,
			);
		};
/* End PBXProject section */

/* Begin PBXResourcesBuildPhase section */
		1A23B51C2745348C000C6592 /* Resources */ = {
			isa = PBXResourcesBuildPhase;
			buildActionMask = 2147483647;
			files = (
				1A23B53127453494000C6592 /* LaunchScreen.storyboard in Resources */,
				1A4A12C1274C3B740011CA80 /* MealCell.xib in Resources */,
				1A09DFC7275697DD00FDCBB8 /* NothingFoundCell.xib in Resources */,
				1A4A12CB274C46A30011CA80 /* NutritionCell.xib in Resources */,
				1A23B52E27453494000C6592 /* Assets.xcassets in Resources */,
				1A23B5292745348D000C6592 /* Main.storyboard in Resources */,
			);
			runOnlyForDeploymentPostprocessing = 0;
		};
/* End PBXResourcesBuildPhase section */

/* Begin PBXSourcesBuildPhase section */
		1A23B51A2745348C000C6592 /* Sources */ = {
			isa = PBXSourcesBuildPhase;
			buildActionMask = 2147483647;
			files = (
				1A4A12C5274C3F8F0011CA80 /* MealCell.swift in Sources */,
				1A23B52C2745348D000C6592 /* Who_Needs_A_Nutritionist_.xcdatamodeld in Sources */,
				1A2A8BCC275F98ED00B22A7C /* ListMeals+CoreDataProperties.swift in Sources */,
				1A23B5262745348C000C6592 /* NutritionViewController.swift in Sources */,
				1A2A8BCB275F98ED00B22A7C /* ListMeals+CoreDataClass.swift in Sources */,
				1A23B5222745348C000C6592 /* AppDelegate.swift in Sources */,
				1A2A8BCE275F98ED00B22A7C /* DateEntity+CoreDataProperties.swift in Sources */,
				1A23B5242745348C000C6592 /* SceneDelegate.swift in Sources */,
				1A4A12C9274C44580011CA80 /* FoodInfoViewController.swift in Sources */,
				1A4A12CF274C48820011CA80 /* NutritionCell.swift in Sources */,
				1A4A12C7274C42600011CA80 /* GetFoodNutrition.swift in Sources */,
				1A23B53B27454B90000C6592 /* AddFoodViewController.swift in Sources */,
				1A2A8BCD275F98ED00B22A7C /* DateEntity+CoreDataClass.swift in Sources */,
			);
			runOnlyForDeploymentPostprocessing = 0;
		};
/* End PBXSourcesBuildPhase section */

/* Begin PBXVariantGroup section */
		1A23B5272745348D000C6592 /* Main.storyboard */ = {
			isa = PBXVariantGroup;
			children = (
				1A23B5282745348D000C6592 /* Base */,
			);
			name = Main.storyboard;
			sourceTree = "<group>";
		};
		1A23B52F27453494000C6592 /* LaunchScreen.storyboard */ = {
			isa = PBXVariantGroup;
			children = (
				1A23B53027453494000C6592 /* Base */,
			);
			name = LaunchScreen.storyboard;
			sourceTree = "<group>";
		};
/* End PBXVariantGroup section */

/* Begin XCBuildConfiguration section */
		1A23B53327453494000C6592 /* Debug */ = {
			isa = XCBuildConfiguration;
			buildSettings = {
				ALWAYS_SEARCH_USER_PATHS = NO;
				CLANG_ANALYZER_NONNULL = YES;
				CLANG_ANALYZER_NUMBER_OBJECT_CONVERSION = YES_AGGRESSIVE;
				CLANG_CXX_LANGUAGE_STANDARD = "gnu++17";
				CLANG_CXX_LIBRARY = "libc++";
				CLANG_ENABLE_MODULES = YES;
				CLANG_ENABLE_OBJC_ARC = YES;
				CLANG_ENABLE_OBJC_WEAK = YES;
				CLANG_WARN_BLOCK_CAPTURE_AUTORELEASING = YES;
				CLANG_WARN_BOOL_CONVERSION = YES;
				CLANG_WARN_COMMA = YES;
				CLANG_WARN_CONSTANT_CONVERSION = YES;
				CLANG_WARN_DEPRECATED_OBJC_IMPLEMENTATIONS = YES;
				CLANG_WARN_DIRECT_OBJC_ISA_USAGE = YES_ERROR;
				CLANG_WARN_DOCUMENTATION_COMMENTS = YES;
				CLANG_WARN_EMPTY_BODY = YES;
				CLANG_WARN_ENUM_CONVERSION = YES;
				CLANG_WARN_INFINITE_RECURSION = YES;
				CLANG_WARN_INT_CONVERSION = YES;
				CLANG_WARN_NON_LITERAL_NULL_CONVERSION = YES;
				CLANG_WARN_OBJC_IMPLICIT_RETAIN_SELF = YES;
				CLANG_WARN_OBJC_LITERAL_CONVERSION = YES;
				CLANG_WARN_OBJC_ROOT_CLASS = YES_ERROR;
				CLANG_WARN_QUOTED_INCLUDE_IN_FRAMEWORK_HEADER = YES;
				CLANG_WARN_RANGE_LOOP_ANALYSIS = YES;
				CLANG_WARN_STRICT_PROTOTYPES = YES;
				CLANG_WARN_SUSPICIOUS_MOVE = YES;
				CLANG_WARN_UNGUARDED_AVAILABILITY = YES_AGGRESSIVE;
				CLANG_WARN_UNREACHABLE_CODE = YES;
				CLANG_WARN__DUPLICATE_METHOD_MATCH = YES;
				COPY_PHASE_STRIP = NO;
				DEBUG_INFORMATION_FORMAT = dwarf;
				ENABLE_STRICT_OBJC_MSGSEND = YES;
				ENABLE_TESTABILITY = YES;
				GCC_C_LANGUAGE_STANDARD = gnu11;
				GCC_DYNAMIC_NO_PIC = NO;
				GCC_NO_COMMON_BLOCKS = YES;
				GCC_OPTIMIZATION_LEVEL = 0;
				GCC_PREPROCESSOR_DEFINITIONS = (
					"DEBUG=1",
					"$(inherited)",
				);
				GCC_WARN_64_TO_32_BIT_CONVERSION = YES;
				GCC_WARN_ABOUT_RETURN_TYPE = YES_ERROR;
				GCC_WARN_UNDECLARED_SELECTOR = YES;
				GCC_WARN_UNINITIALIZED_AUTOS = YES_AGGRESSIVE;
				GCC_WARN_UNUSED_FUNCTION = YES;
				GCC_WARN_UNUSED_VARIABLE = YES;
				IPHONEOS_DEPLOYMENT_TARGET = 15.0;
				MTL_ENABLE_DEBUG_INFO = INCLUDE_SOURCE;
				MTL_FAST_MATH = YES;
				ONLY_ACTIVE_ARCH = YES;
				SDKROOT = iphoneos;
				SWIFT_ACTIVE_COMPILATION_CONDITIONS = DEBUG;
				SWIFT_OPTIMIZATION_LEVEL = "-Onone";
			};
			name = Debug;
		};
		1A23B53427453494000C6592 /* Release */ = {
			isa = XCBuildConfiguration;
			buildSettings = {
				ALWAYS_SEARCH_USER_PATHS = NO;
				CLANG_ANALYZER_NONNULL = YES;
				CLANG_ANALYZER_NUMBER_OBJECT_CONVERSION = YES_AGGRESSIVE;
				CLANG_CXX_LANGUAGE_STANDARD = "gnu++17";
				CLANG_CXX_LIBRARY = "libc++";
				CLANG_ENABLE_MODULES = YES;
				CLANG_ENABLE_OBJC_ARC = YES;
				CLANG_ENABLE_OBJC_WEAK = YES;
				CLANG_WARN_BLOCK_CAPTURE_AUTORELEASING = YES;
				CLANG_WARN_BOOL_CONVERSION = YES;
				CLANG_WARN_COMMA = YES;
				CLANG_WARN_CONSTANT_CONVERSION = YES;
				CLANG_WARN_DEPRECATED_OBJC_IMPLEMENTATIONS = YES;
				CLANG_WARN_DIRECT_OBJC_ISA_USAGE = YES_ERROR;
				CLANG_WARN_DOCUMENTATION_COMMENTS = YES;
				CLANG_WARN_EMPTY_BODY = YES;
				CLANG_WARN_ENUM_CONVERSION = YES;
				CLANG_WARN_INFINITE_RECURSION = YES;
				CLANG_WARN_INT_CONVERSION = YES;
				CLANG_WARN_NON_LITERAL_NULL_CONVERSION = YES;
				CLANG_WARN_OBJC_IMPLICIT_RETAIN_SELF = YES;
				CLANG_WARN_OBJC_LITERAL_CONVERSION = YES;
				CLANG_WARN_OBJC_ROOT_CLASS = YES_ERROR;
				CLANG_WARN_QUOTED_INCLUDE_IN_FRAMEWORK_HEADER = YES;
				CLANG_WARN_RANGE_LOOP_ANALYSIS = YES;
				CLANG_WARN_STRICT_PROTOTYPES = YES;
				CLANG_WARN_SUSPICIOUS_MOVE = YES;
				CLANG_WARN_UNGUARDED_AVAILABILITY = YES_AGGRESSIVE;
				CLANG_WARN_UNREACHABLE_CODE = YES;
				CLANG_WARN__DUPLICATE_METHOD_MATCH = YES;
				COPY_PHASE_STRIP = NO;
				DEBUG_INFORMATION_FORMAT = "dwarf-with-dsym";
				ENABLE_NS_ASSERTIONS = NO;
				ENABLE_STRICT_OBJC_MSGSEND = YES;
				GCC_C_LANGUAGE_STANDARD = gnu11;
				GCC_NO_COMMON_BLOCKS = YES;
				GCC_WARN_64_TO_32_BIT_CONVERSION = YES;
				GCC_WARN_ABOUT_RETURN_TYPE = YES_ERROR;
				GCC_WARN_UNDECLARED_SELECTOR = YES;
				GCC_WARN_UNINITIALIZED_AUTOS = YES_AGGRESSIVE;
				GCC_WARN_UNUSED_FUNCTION = YES;
				GCC_WARN_UNUSED_VARIABLE = YES;
				IPHONEOS_DEPLOYMENT_TARGET = 15.0;
				MTL_ENABLE_DEBUG_INFO = NO;
				MTL_FAST_MATH = YES;
				SDKROOT = iphoneos;
				SWIFT_COMPILATION_MODE = wholemodule;
				SWIFT_OPTIMIZATION_LEVEL = "-O";
				VALIDATE_PRODUCT = YES;
			};
			name = Release;
		};
		1A23B53627453494000C6592 /* Debug */ = {
			isa = XCBuildConfiguration;
			buildSettings = {
				ASSETCATALOG_COMPILER_APPICON_NAME = AppIcon;
				ASSETCATALOG_COMPILER_GLOBAL_ACCENT_COLOR_NAME = AccentColor;
				CODE_SIGN_STYLE = Automatic;
				CURRENT_PROJECT_VERSION = 1;
				DEVELOPMENT_TEAM = 37UFX9PNZK;
				GENERATE_INFOPLIST_FILE = YES;
				INFOPLIST_FILE = "Who Needs A Nutritionist?/Info.plist";
				INFOPLIST_KEY_UIApplicationSupportsIndirectInputEvents = YES;
				INFOPLIST_KEY_UILaunchStoryboardName = LaunchScreen;
				INFOPLIST_KEY_UIMainStoryboardFile = Main;
				INFOPLIST_KEY_UISupportedInterfaceOrientations = UIInterfaceOrientationPortrait;
				INFOPLIST_KEY_UISupportedInterfaceOrientations_iPad = "UIInterfaceOrientationPortrait UIInterfaceOrientationPortraitUpsideDown UIInterfaceOrientationLandscapeLeft UIInterfaceOrientationLandscapeRight";
				INFOPLIST_KEY_UISupportedInterfaceOrientations_iPhone = "UIInterfaceOrientationPortrait UIInterfaceOrientationLandscapeLeft UIInterfaceOrientationLandscapeRight";
				LD_RUNPATH_SEARCH_PATHS = (
					"$(inherited)",
					"@executable_path/Frameworks",
				);
				MARKETING_VERSION = 1.0;
				PRODUCT_BUNDLE_IDENTIFIER = "com.anthony.Who-Needs-A-Nutritionist-";
				PRODUCT_NAME = "$(TARGET_NAME)";
				SWIFT_EMIT_LOC_STRINGS = YES;
				SWIFT_VERSION = 5.0;
				TARGETED_DEVICE_FAMILY = "1,2";
			};
			name = Debug;
		};
		1A23B53727453494000C6592 /* Release */ = {
			isa = XCBuildConfiguration;
			buildSettings = {
				ASSETCATALOG_COMPILER_APPICON_NAME = AppIcon;
				ASSETCATALOG_COMPILER_GLOBAL_ACCENT_COLOR_NAME = AccentColor;
				CODE_SIGN_STYLE = Automatic;
				CURRENT_PROJECT_VERSION = 1;
				DEVELOPMENT_TEAM = 37UFX9PNZK;
				GENERATE_INFOPLIST_FILE = YES;
				INFOPLIST_FILE = "Who Needs A Nutritionist?/Info.plist";
				INFOPLIST_KEY_UIApplicationSupportsIndirectInputEvents = YES;
				INFOPLIST_KEY_UILaunchStoryboardName = LaunchScreen;
				INFOPLIST_KEY_UIMainStoryboardFile = Main;
				INFOPLIST_KEY_UISupportedInterfaceOrientations = UIInterfaceOrientationPortrait;
				INFOPLIST_KEY_UISupportedInterfaceOrientations_iPad = "UIInterfaceOrientationPortrait UIInterfaceOrientationPortraitUpsideDown UIInterfaceOrientationLandscapeLeft UIInterfaceOrientationLandscapeRight";
				INFOPLIST_KEY_UISupportedInterfaceOrientations_iPhone = "UIInterfaceOrientationPortrait UIInterfaceOrientationLandscapeLeft UIInterfaceOrientationLandscapeRight";
				LD_RUNPATH_SEARCH_PATHS = (
					"$(inherited)",
					"@executable_path/Frameworks",
				);
				MARKETING_VERSION = 1.0;
				PRODUCT_BUNDLE_IDENTIFIER = "com.anthony.Who-Needs-A-Nutritionist-";
				PRODUCT_NAME = "$(TARGET_NAME)";
				SWIFT_EMIT_LOC_STRINGS = YES;
				SWIFT_VERSION = 5.0;
				TARGETED_DEVICE_FAMILY = "1,2";
			};
			name = Release;
		};
/* End XCBuildConfiguration section */

/* Begin XCConfigurationList section */
		1A23B5192745348C000C6592 /* Build configuration list for PBXProject "Who Needs A Nutritionist?" */ = {
			isa = XCConfigurationList;
			buildConfigurations = (
				1A23B53327453494000C6592 /* Debug */,
				1A23B53427453494000C6592 /* Release */,
			);
			defaultConfigurationIsVisible = 0;
			defaultConfigurationName = Release;
		};
		1A23B53527453494000C6592 /* Build configuration list for PBXNativeTarget "Who Needs A Nutritionist?" */ = {
			isa = XCConfigurationList;
			buildConfigurations = (
				1A23B53627453494000C6592 /* Debug */,
				1A23B53727453494000C6592 /* Release */,
			);
			defaultConfigurationIsVisible = 0;
			defaultConfigurationName = Release;
		};
/* End XCConfigurationList section */

/* Begin XCVersionGroup section */
		1A23B52A2745348D000C6592 /* Who_Needs_A_Nutritionist_.xcdatamodeld */ = {
			isa = XCVersionGroup;
			children = (
				1A23B52B2745348D000C6592 /* Who_Needs_A_Nutritionist_.xcdatamodel */,
			);
			currentVersion = 1A23B52B2745348D000C6592 /* Who_Needs_A_Nutritionist_.xcdatamodel */;
			path = Who_Needs_A_Nutritionist_.xcdatamodeld;
			sourceTree = "<group>";
			versionGroupType = wrapper.xcdatamodel;
		};
/* End XCVersionGroup section */
	};
	rootObject = 1A23B5162745348C000C6592 /* Project object */;
}
